
Microsoft Visual Studio Solution File, Format Version 12.00
# Visual Studio Version 17
VisualStudioVersion = 17.14.36301.6 d17.14
MinimumVisualStudioVersion = 10.0.40219.1
Project("{FAE04EC0-301F-11D3-BF4B-00C04F79EFBC}") = "ConsoleApp1", "ConsoleApp1\ConsoleApp1.csproj", "{FBE7FCB0-1CDF-413F-A0DE-6B81548DF208}"
EndProject
Global
	GlobalSection(SolutionConfigurationPlatforms) = preSolution
		Debug|Any CPU = Debug|Any CPU
		Release|Any CPU = Release|Any CPU
	EndGlobalSection
	GlobalSection(ProjectConfigurationPlatforms) = postSolution
		{FBE7FCB0-1CDF-413F-A0DE-6B81548DF208}.Debug|Any CPU.ActiveCfg = Debug|Any CPU
		{FBE7FCB0-1CDF-413F-A0DE-6B81548DF208}.Debug|Any CPU.Build.0 = Debug|Any CPU
		{FBE7FCB0-1CDF-413F-A0DE-6B81548DF208}.Release|Any CPU.ActiveCfg = Release|Any CPU
		{FBE7FCB0-1CDF-413F-A0DE-6B81548DF208}.Release|Any CPU.Build.0 = Release|Any CPU
	EndGlobalSection
	GlobalSection(SolutionProperties) = preSolution
		HideSolutionNode = FALSE
	EndGlobalSection
	GlobalSection(ExtensibilityGlobals) = postSolution
		SolutionGuid = {F3143FCE-1603-4B4D-B021-6C9011B9C4CF}
	EndGlobalSection
EndGlobal
